<?xml version="1.0" encoding="utf-8"?>
<Project ToolsVersion="4.0" xmlns="http://schemas.microsoft.com/developer/msbuild/2003">
  <ItemGroup>
    <Filter Include="Source Files">
      <UniqueIdentifier>{4FC737F1-C7A5-4376-A066-2A32D752A2FF}</UniqueIdentifier>
      <Extensions>cpp;c;cc;cxx;c++;cppm;ixx;def;odl;idl;hpj;bat;asm;asmx</Extensions>
    </Filter>
    <Filter Include="Resource Files">
      <UniqueIdentifier>{67DA6AB6-F800-4c08-8B7A-83BB121AAD01}</UniqueIdentifier>
      <Extensions>rc;ico;cur;bmp;dlg;rc2;rct;bin;rgs;gif;jpg;jpeg;jpe;resx;tiff;tif;png;wav;mfcribbon-ms</Extensions>
    </Filter>
    <Filter Include="Source Files\Classes">
      <UniqueIdentifier>{5c2c5738-64ef-41d9-b1fe-db173327aa77}</UniqueIdentifier>
    </Filter>
    <Filter Include="Source Files\Classes\Subclasses">
      <UniqueIdentifier>{2fe1b1f1-e11f-44e0-9877-85fdb393feef}</UniqueIdentifier>
    </Filter>
    <Filter Include="Source Files\SDK">
      <UniqueIdentifier>{412c717d-7488-49df-ab92-17e2a8d42995}</UniqueIdentifier>
    </Filter>
  </ItemGroup>
  <ItemGroup>
    <ClCompile Include="Main.cpp">
      <Filter>Source Files</Filter>
    </ClCompile>
    <ClCompile Include="Process.cpp">
      <Filter>Source Files\Classes</Filter>
    </ClCompile>
    <ClCompile Include="Log.cpp">
      <Filter>Source Files\Classes</Filter>
    </ClCompile>
    <ClCompile Include="Offsets.cpp">
      <Filter>Source Files\Classes</Filter>
    </ClCompile>
    <ClCompile Include="ProcessEntry.cpp">
      <Filter>Source Files\Classes\Subclasses</Filter>
    </ClCompile>
    <ClCompile Include="ModuleEntry.cpp">
      <Filter>Source Files\Classes\Subclasses</Filter>
    </ClCompile>
    <ClCompile Include="String.cpp">
      <Filter>Source Files\Classes\Subclasses</Filter>
    </ClCompile>
    <ClCompile Include="Globals.cpp">
      <Filter>Source Files\Classes</Filter>
    </ClCompile>
    <ClCompile Include="Console.cpp">
      <Filter>Source Files\Classes</Filter>
    </ClCompile>
    <ClCompile Include="Driver.cpp">
      <Filter>Source Files\Classes</Filter>
    </ClCompile>
    <ClCompile Include="ECFramework.cpp">
      <Filter>Source Files\Classes</Filter>
    </ClCompile>
  </ItemGroup>
  <ItemGroup>
    <ClInclude Include="Process.hpp">
      <Filter>Source Files\Classes</Filter>
    </ClInclude>
    <ClInclude Include="Log.hpp">
      <Filter>Source Files\Classes</Filter>
    </ClInclude>
    <ClInclude Include="Offsets.hpp">
      <Filter>Source Files\Classes</Filter>
    </ClInclude>
    <ClInclude Include="ProcessEntry.hpp">
      <Filter>Source Files\Classes\Subclasses</Filter>
    </ClInclude>
    <ClInclude Include="ModuleEntry.hpp">
      <Filter>Source Files\Classes\Subclasses</Filter>
    </ClInclude>
    <ClInclude Include="String.hpp">
      <Filter>Source Files\Classes\Subclasses</Filter>
    </ClInclude>
    <ClInclude Include="Json.hpp">
      <Filter>Source Files\Classes</Filter>
    </ClInclude>
    <ClInclude Include="Globals.hpp">
      <Filter>Source Files\Classes</Filter>
    </ClInclude>
    <ClInclude Include="Console.hpp">
      <Filter>Source Files\Classes</Filter>
    </ClInclude>
    <ClInclude Include="Driver.hpp">
      <Filter>Source Files\Classes</Filter>
    </ClInclude>
    <ClInclude Include="ECFramework.hpp">
      <Filter>Source Files\Classes</Filter>
    </ClInclude>
  </ItemGroup>
  <ItemGroup>
    <None Include="..\README.md">
      <Filter>Source Files</Filter>
    </None>
  </ItemGroup>
</Project>